// !$*UTF8*$!
{
	archiveVersion = 1;
	classes = {
	};
	objectVersion = 50;
	objects = {

/* Begin PBXBuildFile section */
		178ECCD32495C547009D54D2 /* SearchBiasTableViewController.swift in Sources */ = {isa = PBXBuildFile; fileRef = 178ECCD22495C547009D54D2 /* SearchBiasTableViewController.swift */; };
		178ECCD52495DDB5009D54D2 /* BiasDefinitionViewController.swift in Sources */ = {isa = PBXBuildFile; fileRef = 178ECCD42495DDB5009D54D2 /* BiasDefinitionViewController.swift */; };
		178ECCD92496AE95009D54D2 /* Search.storyboard in Resources */ = {isa = PBXBuildFile; fileRef = 178ECCD82496AE95009D54D2 /* Search.storyboard */; };
		178ECCDB2496AFB2009D54D2 /* Explore.storyboard in Resources */ = {isa = PBXBuildFile; fileRef = 178ECCDA2496AFB2009D54D2 /* Explore.storyboard */; };
		181D0F6E243848B9008E3B27 /* AppDelegate.swift in Sources */ = {isa = PBXBuildFile; fileRef = 181D0F6D243848B9008E3B27 /* AppDelegate.swift */; };
		181D0F70243848B9008E3B27 /* SceneDelegate.swift in Sources */ = {isa = PBXBuildFile; fileRef = 181D0F6F243848B9008E3B27 /* SceneDelegate.swift */; };
		181D0F72243848B9008E3B27 /* ViewController.swift in Sources */ = {isa = PBXBuildFile; fileRef = 181D0F71243848B9008E3B27 /* ViewController.swift */; };
		181D0F75243848B9008E3B27 /* Main.storyboard in Resources */ = {isa = PBXBuildFile; fileRef = 181D0F73243848B9008E3B27 /* Main.storyboard */; };
		181D0F77243848BC008E3B27 /* Assets.xcassets in Resources */ = {isa = PBXBuildFile; fileRef = 181D0F76243848BC008E3B27 /* Assets.xcassets */; };
		181D0F7A243848BC008E3B27 /* LaunchScreen.storyboard in Resources */ = {isa = PBXBuildFile; fileRef = 181D0F78243848BC008E3B27 /* LaunchScreen.storyboard */; };
		181D0F8724384932008E3B27 /* Bias.swift in Sources */ = {isa = PBXBuildFile; fileRef = 181D0F8624384932008E3B27 /* Bias.swift */; };
		181D0F89243849F0008E3B27 /* cognitiveBiases.json in Resources */ = {isa = PBXBuildFile; fileRef = 181D0F88243849F0008E3B27 /* cognitiveBiases.json */; };
		181D0F8B24384A84008E3B27 /* Bundle-Decoding.swift in Sources */ = {isa = PBXBuildFile; fileRef = 181D0F8A24384A84008E3B27 /* Bundle-Decoding.swift */; };
		181D0F8D24386F6B008E3B27 /* pictures.json in Resources */ = {isa = PBXBuildFile; fileRef = 181D0F8C24386F6B008E3B27 /* pictures.json */; };
/* End PBXBuildFile section */

/* Begin PBXFileReference section */
		178ECCD22495C547009D54D2 /* SearchBiasTableViewController.swift */ = {isa = PBXFileReference; lastKnownFileType = sourcecode.swift; path = SearchBiasTableViewController.swift; sourceTree = "<group>"; };
		178ECCD42495DDB5009D54D2 /* BiasDefinitionViewController.swift */ = {isa = PBXFileReference; lastKnownFileType = sourcecode.swift; path = BiasDefinitionViewController.swift; sourceTree = "<group>"; };
		178ECCD82496AE95009D54D2 /* Search.storyboard */ = {isa = PBXFileReference; lastKnownFileType = file.storyboard; path = Search.storyboard; sourceTree = "<group>"; };
		178ECCDA2496AFB2009D54D2 /* Explore.storyboard */ = {isa = PBXFileReference; lastKnownFileType = file.storyboard; path = Explore.storyboard; sourceTree = "<group>"; };
		181D0F6A243848B9008E3B27 /* Daily Bias.app */ = {isa = PBXFileReference; explicitFileType = wrapper.application; includeInIndex = 0; path = "Daily Bias.app"; sourceTree = BUILT_PRODUCTS_DIR; };
		181D0F6D243848B9008E3B27 /* AppDelegate.swift */ = {isa = PBXFileReference; lastKnownFileType = sourcecode.swift; path = AppDelegate.swift; sourceTree = "<group>"; };
		181D0F6F243848B9008E3B27 /* SceneDelegate.swift */ = {isa = PBXFileReference; lastKnownFileType = sourcecode.swift; path = SceneDelegate.swift; sourceTree = "<group>"; };
		181D0F71243848B9008E3B27 /* ViewController.swift */ = {isa = PBXFileReference; lastKnownFileType = sourcecode.swift; path = ViewController.swift; sourceTree = "<group>"; };
		181D0F74243848B9008E3B27 /* Base */ = {isa = PBXFileReference; lastKnownFileType = file.storyboard; name = Base; path = Base.lproj/Main.storyboard; sourceTree = "<group>"; };
		181D0F76243848BC008E3B27 /* Assets.xcassets */ = {isa = PBXFileReference; lastKnownFileType = folder.assetcatalog; path = Assets.xcassets; sourceTree = "<group>"; };
		181D0F79243848BC008E3B27 /* Base */ = {isa = PBXFileReference; lastKnownFileType = file.storyboard; name = Base; path = Base.lproj/LaunchScreen.storyboard; sourceTree = "<group>"; };
		181D0F7B243848BC008E3B27 /* Info.plist */ = {isa = PBXFileReference; lastKnownFileType = text.plist.xml; path = Info.plist; sourceTree = "<group>"; };
		181D0F8624384932008E3B27 /* Bias.swift */ = {isa = PBXFileReference; lastKnownFileType = sourcecode.swift; path = Bias.swift; sourceTree = "<group>"; };
		181D0F88243849F0008E3B27 /* cognitiveBiases.json */ = {isa = PBXFileReference; fileEncoding = 4; lastKnownFileType = text.json; path = cognitiveBiases.json; sourceTree = "<group>"; };
		181D0F8A24384A84008E3B27 /* Bundle-Decoding.swift */ = {isa = PBXFileReference; lastKnownFileType = sourcecode.swift; path = "Bundle-Decoding.swift"; sourceTree = "<group>"; };
		181D0F8C24386F6B008E3B27 /* pictures.json */ = {isa = PBXFileReference; lastKnownFileType = text.json; path = pictures.json; sourceTree = "<group>"; };
/* End PBXFileReference section */

/* Begin PBXFrameworksBuildPhase section */
		181D0F67243848B9008E3B27 /* Frameworks */ = {
			isa = PBXFrameworksBuildPhase;
			buildActionMask = 2147483647;
			files = (
			);
			runOnlyForDeploymentPostprocessing = 0;
		};
/* End PBXFrameworksBuildPhase section */

/* Begin PBXGroup section */
		181D0F61243848B9008E3B27 = {
			isa = PBXGroup;
			children = (
				181D0F6C243848B9008E3B27 /* Daily Bias */,
				181D0F6B243848B9008E3B27 /* Products */,
			);
			sourceTree = "<group>";
		};
		181D0F6B243848B9008E3B27 /* Products */ = {
			isa = PBXGroup;
			children = (
				181D0F6A243848B9008E3B27 /* Daily Bias.app */,
			);
			name = Products;
			sourceTree = "<group>";
		};
		181D0F6C243848B9008E3B27 /* Daily Bias */ = {
			isa = PBXGroup;
			children = (
				181D0F85243848E3008E3B27 /* Models */,
				181D0F84243848E0008E3B27 /* Controllers */,
				181D0F83243848DE008E3B27 /* Views */,
				181D0F82243848DB008E3B27 /* Helper */,
				181D0F81243848D8008E3B27 /* Resources */,
			);
			path = "Daily Bias";
			sourceTree = "<group>";
		};
		181D0F81243848D8008E3B27 /* Resources */ = {
			isa = PBXGroup;
			children = (
				181D0F6D243848B9008E3B27 /* AppDelegate.swift */,
				181D0F6F243848B9008E3B27 /* SceneDelegate.swift */,
				181D0F76243848BC008E3B27 /* Assets.xcassets */,
				181D0F78243848BC008E3B27 /* LaunchScreen.storyboard */,
				181D0F7B243848BC008E3B27 /* Info.plist */,
				181D0F88243849F0008E3B27 /* cognitiveBiases.json */,
				181D0F8C24386F6B008E3B27 /* pictures.json */,
			);
			path = Resources;
			sourceTree = "<group>";
		};
		181D0F82243848DB008E3B27 /* Helper */ = {
			isa = PBXGroup;
			children = (
				181D0F8A24384A84008E3B27 /* Bundle-Decoding.swift */,
			);
			path = Helper;
			sourceTree = "<group>";
		};
		181D0F83243848DE008E3B27 /* Views */ = {
			isa = PBXGroup;
			children = (
				181D0F73243848B9008E3B27 /* Main.storyboard */,
				178ECCD82496AE95009D54D2 /* Search.storyboard */,
				178ECCDA2496AFB2009D54D2 /* Explore.storyboard */,
			);
			path = Views;
			sourceTree = "<group>";
		};
		181D0F84243848E0008E3B27 /* Controllers */ = {
			isa = PBXGroup;
			children = (
				181D0F71243848B9008E3B27 /* ViewController.swift */,
				178ECCD22495C547009D54D2 /* SearchBiasTableViewController.swift */,
				178ECCD42495DDB5009D54D2 /* BiasDefinitionViewController.swift */,
			);
			path = Controllers;
			sourceTree = "<group>";
		};
		181D0F85243848E3008E3B27 /* Models */ = {
			isa = PBXGroup;
			children = (
				181D0F8624384932008E3B27 /* Bias.swift */,
			);
			path = Models;
			sourceTree = "<group>";
		};
/* End PBXGroup section */

/* Begin PBXNativeTarget section */
		181D0F69243848B9008E3B27 /* Daily Bias */ = {
			isa = PBXNativeTarget;
			buildConfigurationList = 181D0F7E243848BC008E3B27 /* Build configuration list for PBXNativeTarget "Daily Bias" */;
			buildPhases = (
				181D0F66243848B9008E3B27 /* Sources */,
				181D0F67243848B9008E3B27 /* Frameworks */,
				181D0F68243848B9008E3B27 /* Resources */,
			);
			buildRules = (
			);
			dependencies = (
			);
			name = "Daily Bias";
			productName = "Daily Bias";
			productReference = 181D0F6A243848B9008E3B27 /* Daily Bias.app */;
			productType = "com.apple.product-type.application";
		};
/* End PBXNativeTarget section */

/* Begin PBXProject section */
		181D0F62243848B9008E3B27 /* Project object */ = {
			isa = PBXProject;
			attributes = {
				LastSwiftUpdateCheck = 1150;
				LastUpgradeCheck = 1140;
				ORGANIZATIONNAME = "Jordan Crandell";
				TargetAttributes = {
					181D0F69243848B9008E3B27 = {
						CreatedOnToolsVersion = 11.4;
					};
				};
			};
			buildConfigurationList = 181D0F65243848B9008E3B27 /* Build configuration list for PBXProject "Daily Bias" */;
			compatibilityVersion = "Xcode 9.3";
			developmentRegion = en;
			hasScannedForEncodings = 0;
			knownRegions = (
				en,
				Base,
			);
			mainGroup = 181D0F61243848B9008E3B27;
			productRefGroup = 181D0F6B243848B9008E3B27 /* Products */;
			projectDirPath = "";
			projectRoot = "";
			targets = (
				181D0F69243848B9008E3B27 /* Daily Bias */,
			);
		};
/* End PBXProject section */

/* Begin PBXResourcesBuildPhase section */
		181D0F68243848B9008E3B27 /* Resources */ = {
			isa = PBXResourcesBuildPhase;
			buildActionMask = 2147483647;
			files = (
				178ECCDB2496AFB2009D54D2 /* Explore.storyboard in Resources */,
				181D0F7A243848BC008E3B27 /* LaunchScreen.storyboard in Resources */,
				181D0F77243848BC008E3B27 /* Assets.xcassets in Resources */,
				181D0F75243848B9008E3B27 /* Main.storyboard in Resources */,
				178ECCD92496AE95009D54D2 /* Search.storyboard in Resources */,
				181D0F89243849F0008E3B27 /* cognitiveBiases.json in Resources */,
				181D0F8D24386F6B008E3B27 /* pictures.json in Resources */,
			);
			runOnlyForDeploymentPostprocessing = 0;
		};
/* End PBXResourcesBuildPhase section */

/* Begin PBXSourcesBuildPhase section */
		181D0F66243848B9008E3B27 /* Sources */ = {
			isa = PBXSourcesBuildPhase;
			buildActionMask = 2147483647;
			files = (
				181D0F8724384932008E3B27 /* Bias.swift in Sources */,
				178ECCD52495DDB5009D54D2 /* BiasDefinitionViewController.swift in Sources */,
				181D0F72243848B9008E3B27 /* ViewController.swift in Sources */,
				181D0F6E243848B9008E3B27 /* AppDelegate.swift in Sources */,
				181D0F70243848B9008E3B27 /* SceneDelegate.swift in Sources */,
				178ECCD32495C547009D54D2 /* SearchBiasTableViewController.swift in Sources */,
				181D0F8B24384A84008E3B27 /* Bundle-Decoding.swift in Sources */,
			);
			runOnlyForDeploymentPostprocessing = 0;
		};
/* End PBXSourcesBuildPhase section */

/* Begin PBXVariantGroup section */
		181D0F73243848B9008E3B27 /* Main.storyboard */ = {
			isa = PBXVariantGroup;
			children = (
				181D0F74243848B9008E3B27 /* Base */,
			);
			name = Main.storyboard;
			sourceTree = "<group>";
		};
		181D0F78243848BC008E3B27 /* LaunchScreen.storyboard */ = {
			isa = PBXVariantGroup;
			children = (
				181D0F79243848BC008E3B27 /* Base */,
			);
			name = LaunchScreen.storyboard;
			sourceTree = "<group>";
		};
/* End PBXVariantGroup section */

/* Begin XCBuildConfiguration section */
		181D0F7C243848BC008E3B27 /* Debug */ = {
			isa = XCBuildConfiguration;
			buildSettings = {
				ALWAYS_SEARCH_USER_PATHS = NO;
				CLANG_ANALYZER_NONNULL = YES;
				CLANG_ANALYZER_NUMBER_OBJECT_CONVERSION = YES_AGGRESSIVE;
				CLANG_CXX_LANGUAGE_STANDARD = "gnu++14";
				CLANG_CXX_LIBRARY = "libc++";
				CLANG_ENABLE_MODULES = YES;
				CLANG_ENABLE_OBJC_ARC = YES;
				CLANG_ENABLE_OBJC_WEAK = YES;
				CLANG_WARN_BLOCK_CAPTURE_AUTORELEASING = YES;
				CLANG_WARN_BOOL_CONVERSION = YES;
				CLANG_WARN_COMMA = YES;
				CLANG_WARN_CONSTANT_CONVERSION = YES;
				CLANG_WARN_DEPRECATED_OBJC_IMPLEMENTATIONS = YES;
				CLANG_WARN_DIRECT_OBJC_ISA_USAGE = YES_ERROR;
				CLANG_WARN_DOCUMENTATION_COMMENTS = YES;
				CLANG_WARN_EMPTY_BODY = YES;
				CLANG_WARN_ENUM_CONVERSION = YES;
				CLANG_WARN_INFINITE_RECURSION = YES;
				CLANG_WARN_INT_CONVERSION = YES;
				CLANG_WARN_NON_LITERAL_NULL_CONVERSION = YES;
				CLANG_WARN_OBJC_IMPLICIT_RETAIN_SELF = YES;
				CLANG_WARN_OBJC_LITERAL_CONVERSION = YES;
				CLANG_WARN_OBJC_ROOT_CLASS = YES_ERROR;
				CLANG_WARN_RANGE_LOOP_ANALYSIS = YES;
				CLANG_WARN_STRICT_PROTOTYPES = YES;
				CLANG_WARN_SUSPICIOUS_MOVE = YES;
				CLANG_WARN_UNGUARDED_AVAILABILITY = YES_AGGRESSIVE;
				CLANG_WARN_UNREACHABLE_CODE = YES;
				CLANG_WARN__DUPLICATE_METHOD_MATCH = YES;
				COPY_PHASE_STRIP = NO;
				DEBUG_INFORMATION_FORMAT = dwarf;
				ENABLE_STRICT_OBJC_MSGSEND = YES;
				ENABLE_TESTABILITY = YES;
				GCC_C_LANGUAGE_STANDARD = gnu11;
				GCC_DYNAMIC_NO_PIC = NO;
				GCC_NO_COMMON_BLOCKS = YES;
				GCC_OPTIMIZATION_LEVEL = 0;
				GCC_PREPROCESSOR_DEFINITIONS = (
					"DEBUG=1",
					"$(inherited)",
				);
				GCC_WARN_64_TO_32_BIT_CONVERSION = YES;
				GCC_WARN_ABOUT_RETURN_TYPE = YES_ERROR;
				GCC_WARN_UNDECLARED_SELECTOR = YES;
				GCC_WARN_UNINITIALIZED_AUTOS = YES_AGGRESSIVE;
				GCC_WARN_UNUSED_FUNCTION = YES;
				GCC_WARN_UNUSED_VARIABLE = YES;
				IPHONEOS_DEPLOYMENT_TARGET = 13.4;
				MTL_ENABLE_DEBUG_INFO = INCLUDE_SOURCE;
				MTL_FAST_MATH = YES;
				ONLY_ACTIVE_ARCH = YES;
				SDKROOT = iphoneos;
				SWIFT_ACTIVE_COMPILATION_CONDITIONS = DEBUG;
				SWIFT_OPTIMIZATION_LEVEL = "-Onone";
			};
			name = Debug;
		};
		181D0F7D243848BC008E3B27 /* Release */ = {
			isa = XCBuildConfiguration;
			buildSettings = {
				ALWAYS_SEARCH_USER_PATHS = NO;
				CLANG_ANALYZER_NONNULL = YES;
				CLANG_ANALYZER_NUMBER_OBJECT_CONVERSION = YES_AGGRESSIVE;
				CLANG_CXX_LANGUAGE_STANDARD = "gnu++14";
				CLANG_CXX_LIBRARY = "libc++";
				CLANG_ENABLE_MODULES = YES;
				CLANG_ENABLE_OBJC_ARC = YES;
				CLANG_ENABLE_OBJC_WEAK = YES;
				CLANG_WARN_BLOCK_CAPTURE_AUTORELEASING = YES;
				CLANG_WARN_BOOL_CONVERSION = YES;
				CLANG_WARN_COMMA = YES;
				CLANG_WARN_CONSTANT_CONVERSION = YES;
				CLANG_WARN_DEPRECATED_OBJC_IMPLEMENTATIONS = YES;
				CLANG_WARN_DIRECT_OBJC_ISA_USAGE = YES_ERROR;
				CLANG_WARN_DOCUMENTATION_COMMENTS = YES;
				CLANG_WARN_EMPTY_BODY = YES;
				CLANG_WARN_ENUM_CONVERSION = YES;
				CLANG_WARN_INFINITE_RECURSION = YES;
				CLANG_WARN_INT_CONVERSION = YES;
				CLANG_WARN_NON_LITERAL_NULL_CONVERSION = YES;
				CLANG_WARN_OBJC_IMPLICIT_RETAIN_SELF = YES;
				CLANG_WARN_OBJC_LITERAL_CONVERSION = YES;
				CLANG_WARN_OBJC_ROOT_CLASS = YES_ERROR;
				CLANG_WARN_RANGE_LOOP_ANALYSIS = YES;
				CLANG_WARN_STRICT_PROTOTYPES = YES;
				CLANG_WARN_SUSPICIOUS_MOVE = YES;
				CLANG_WARN_UNGUARDED_AVAILABILITY = YES_AGGRESSIVE;
				CLANG_WARN_UNREACHABLE_CODE = YES;
				CLANG_WARN__DUPLICATE_METHOD_MATCH = YES;
				COPY_PHASE_STRIP = NO;
				DEBUG_INFORMATION_FORMAT = "dwarf-with-dsym";
				ENABLE_NS_ASSERTIONS = NO;
				ENABLE_STRICT_OBJC_MSGSEND = YES;
				GCC_C_LANGUAGE_STANDARD = gnu11;
				GCC_NO_COMMON_BLOCKS = YES;
				GCC_WARN_64_TO_32_BIT_CONVERSION = YES;
				GCC_WARN_ABOUT_RETURN_TYPE = YES_ERROR;
				GCC_WARN_UNDECLARED_SELECTOR = YES;
				GCC_WARN_UNINITIALIZED_AUTOS = YES_AGGRESSIVE;
				GCC_WARN_UNUSED_FUNCTION = YES;
				GCC_WARN_UNUSED_VARIABLE = YES;
				IPHONEOS_DEPLOYMENT_TARGET = 13.4;
				MTL_ENABLE_DEBUG_INFO = NO;
				MTL_FAST_MATH = YES;
				SDKROOT = iphoneos;
				SWIFT_COMPILATION_MODE = wholemodule;
				SWIFT_OPTIMIZATION_LEVEL = "-O";
				VALIDATE_PRODUCT = YES;
			};
			name = Release;
		};
		181D0F7F243848BC008E3B27 /* Debug */ = {
			isa = XCBuildConfiguration;
			buildSettings = {
				ASSETCATALOG_COMPILER_APPICON_NAME = AppIcon;
				CODE_SIGN_STYLE = Automatic;
				DEVELOPMENT_TEAM = 3Y244BANUZ;
				INFOPLIST_FILE = "Daily Bias/Resources/Info.plist";
				LD_RUNPATH_SEARCH_PATHS = (
					"$(inherited)",
					"@executable_path/Frameworks",
				);
				PRODUCT_BUNDLE_IDENTIFIER = "Jordan.Daily-Bias";
				PRODUCT_NAME = "$(TARGET_NAME)";
				SWIFT_VERSION = 5.0;
				TARGETED_DEVICE_FAMILY = 1;
			};
			name = Debug;
		};
		181D0F80243848BC008E3B27 /* Release */ = {
			isa = XCBuildConfiguration;
			buildSettings = {
				ASSETCATALOG_COMPILER_APPICON_NAME = AppIcon;
				CODE_SIGN_STYLE = Automatic;
				DEVELOPMENT_TEAM = 3Y244BANUZ;
				INFOPLIST_FILE = "Daily Bias/Resources/Info.plist";
				LD_RUNPATH_SEARCH_PATHS = (
					"$(inherited)",
					"@executable_path/Frameworks",
				);
				PRODUCT_BUNDLE_IDENTIFIER = "Jordan.Daily-Bias";
				PRODUCT_NAME = "$(TARGET_NAME)";
				SWIFT_VERSION = 5.0;
				TARGETED_DEVICE_FAMILY = 1;
			};
			name = Release;
		};
/* End XCBuildConfiguration section */

/* Begin XCConfigurationList section */
		181D0F65243848B9008E3B27 /* Build configuration list for PBXProject "Daily Bias" */ = {
			isa = XCConfigurationList;
			buildConfigurations = (
				181D0F7C243848BC008E3B27 /* Debug */,
				181D0F7D243848BC008E3B27 /* Release */,
			);
			defaultConfigurationIsVisible = 0;
			defaultConfigurationName = Release;
		};
		181D0F7E243848BC008E3B27 /* Build configuration list for PBXNativeTarget "Daily Bias" */ = {
			isa = XCConfigurationList;
			buildConfigurations = (
				181D0F7F243848BC008E3B27 /* Debug */,
				181D0F80243848BC008E3B27 /* Release */,
			);
			defaultConfigurationIsVisible = 0;
			defaultConfigurationName = Release;
		};
/* End XCConfigurationList section */
	};
	rootObject = 181D0F62243848B9008E3B27 /* Project object */;
}
